
Microsoft Visual Studio Solution File, Format Version 12.00
# Visual Studio Version 17
VisualStudioVersion = 17.0.31903.59
MinimumVisualStudioVersion = 10.0.40219.1
Project("{FAE04EC0-301F-11D3-BF4B-00C04F79EFBC}") = "HowManyOfThisType", "HowManyOfThisType\HowManyOfThisType.csproj", "{3B66E232-103C-40C9-B170-14FF3B16E223}"
EndProject
Project("{FAE04EC0-301F-11D3-BF4B-00C04F79EFBC}") = "TheyCameBefore", "TheyCameBefore\TheyCameBefore.csproj", "{8F9B081F-794A-468F-B297-F60EE19B7CE7}"
EndProject
Project("{FAE04EC0-301F-11D3-BF4B-00C04F79EFBC}") = "MyGenericClass", "MyGenericClass\MyGenericClass.csproj", "{E55AEDFB-B4E1-4109-ACE5-CE535CC45569}"
EndProject
Project("{FAE04EC0-301F-11D3-BF4B-00C04F79EFBC}") = "MyEnumerable", "MyEnumerable\MyEnumerable.csproj", "{FFE76F3A-CE55-4FCD-8950-EF8A3E644398}"
EndProject
Project("{FAE04EC0-301F-11D3-BF4B-00C04F79EFBC}") = "JustLikeACollection", "JustLikeACollection\JustLikeACollection.csproj", "{5ED6C49D-4065-4F09-98A5-22C72B382F1C}"
EndProject
Project("{FAE04EC0-301F-11D3-BF4B-00C04F79EFBC}") = "MyOwnCollection", "MyOwnCollection\MyOwnCollection.csproj", "{8D9E54D9-3F21-417A-9F28-65A842A5610A}"
EndProject
Global
	GlobalSection(SolutionConfigurationPlatforms) = preSolution
		Debug|Any CPU = Debug|Any CPU
		Release|Any CPU = Release|Any CPU
	EndGlobalSection
	GlobalSection(SolutionProperties) = preSolution
		HideSolutionNode = FALSE
	EndGlobalSection
	GlobalSection(ProjectConfigurationPlatforms) = postSolution
		{3B66E232-103C-40C9-B170-14FF3B16E223}.Debug|Any CPU.ActiveCfg = Debug|Any CPU
		{3B66E232-103C-40C9-B170-14FF3B16E223}.Debug|Any CPU.Build.0 = Debug|Any CPU
		{3B66E232-103C-40C9-B170-14FF3B16E223}.Release|Any CPU.ActiveCfg = Release|Any CPU
		{3B66E232-103C-40C9-B170-14FF3B16E223}.Release|Any CPU.Build.0 = Release|Any CPU
		{8F9B081F-794A-468F-B297-F60EE19B7CE7}.Debug|Any CPU.ActiveCfg = Debug|Any CPU
		{8F9B081F-794A-468F-B297-F60EE19B7CE7}.Debug|Any CPU.Build.0 = Debug|Any CPU
		{8F9B081F-794A-468F-B297-F60EE19B7CE7}.Release|Any CPU.ActiveCfg = Release|Any CPU
		{8F9B081F-794A-468F-B297-F60EE19B7CE7}.Release|Any CPU.Build.0 = Release|Any CPU
		{E55AEDFB-B4E1-4109-ACE5-CE535CC45569}.Debug|Any CPU.ActiveCfg = Debug|Any CPU
		{E55AEDFB-B4E1-4109-ACE5-CE535CC45569}.Debug|Any CPU.Build.0 = Debug|Any CPU
		{E55AEDFB-B4E1-4109-ACE5-CE535CC45569}.Release|Any CPU.ActiveCfg = Release|Any CPU
		{E55AEDFB-B4E1-4109-ACE5-CE535CC45569}.Release|Any CPU.Build.0 = Release|Any CPU
		{FFE76F3A-CE55-4FCD-8950-EF8A3E644398}.Debug|Any CPU.ActiveCfg = Debug|Any CPU
		{FFE76F3A-CE55-4FCD-8950-EF8A3E644398}.Debug|Any CPU.Build.0 = Debug|Any CPU
		{FFE76F3A-CE55-4FCD-8950-EF8A3E644398}.Release|Any CPU.ActiveCfg = Release|Any CPU
		{FFE76F3A-CE55-4FCD-8950-EF8A3E644398}.Release|Any CPU.Build.0 = Release|Any CPU
		{5ED6C49D-4065-4F09-98A5-22C72B382F1C}.Debug|Any CPU.ActiveCfg = Debug|Any CPU
		{5ED6C49D-4065-4F09-98A5-22C72B382F1C}.Debug|Any CPU.Build.0 = Debug|Any CPU
		{5ED6C49D-4065-4F09-98A5-22C72B382F1C}.Release|Any CPU.ActiveCfg = Release|Any CPU
		{5ED6C49D-4065-4F09-98A5-22C72B382F1C}.Release|Any CPU.Build.0 = Release|Any CPU
		{8D9E54D9-3F21-417A-9F28-65A842A5610A}.Debug|Any CPU.ActiveCfg = Debug|Any CPU
		{8D9E54D9-3F21-417A-9F28-65A842A5610A}.Debug|Any CPU.Build.0 = Debug|Any CPU
		{8D9E54D9-3F21-417A-9F28-65A842A5610A}.Release|Any CPU.ActiveCfg = Release|Any CPU
		{8D9E54D9-3F21-417A-9F28-65A842A5610A}.Release|Any CPU.Build.0 = Release|Any CPU
	EndGlobalSection
EndGlobal
